{
  "requires": true,
  "lockfileVersion": 1,
  "dependencies": {
    "angular-material-expansion-panel": {
      "version": "0.7.2",
      "resolved": "https://registry.npmjs.org/angular-material-expansion-panel/-/angular-material-expansion-panel-0.7.2.tgz",
      "integrity": "sha1-jCV5dN/xd8wHYgjQO9sKgy34Tqw="
    }
  }
}
